# @generated by Move, please check-in and do not edit manually.

[move]
version = 3
manifest_digest = "AD6707EE2929CC45E17C9E5AB3FF11F4220F591D6CD714EBBDAB26612B3CB6CB"
deps_digest = "F8BBB0CCB2491CA29A3DF03D6F92277A4F3574266507ACD77214D37ECA3F3082"
dependencies = [
  { id = "Sui", name = "Sui" },
]

[[move.package]]
id = "MoveStdlib"
source = { git = "https://github.com/MystenLabs/sui.git", rev = "framework/mainnet", subdir = "crates/sui-framework/packages/move-stdlib" }

[[move.package]]
id = "Sui"
source = { git = "https://github.com/MystenLabs/sui.git", rev = "framework/mainnet", subdir = "crates/sui-framework/packages/sui-framework" }

dependencies = [
  { id = "MoveStdlib", name = "MoveStdlib" },
]

[move.toolchain-version]
compiler-version = "1.48.0"
edition = "2024.beta"
flavor = "sui"

[env]

[env.devnet]
chain-id = "6ee96fc3"
original-published-id = "0xa2b8e53fe9cb35875d71d951ead8ac3c1b3c28e7b97e2994da4accd2b81ef7f0"
latest-published-id = "0xa2b8e53fe9cb35875d71d951ead8ac3c1b3c28e7b97e2994da4accd2b81ef7f0"
published-version = "1"
